
Microsoft Visual Studio Solution File, Format Version 12.00
# Visual Studio 15
VisualStudioVersion = 15.0.28307.1062
MinimumVisualStudioVersion = 10.0.40219.1
Project("{FAE04EC0-301F-11D3-BF4B-00C04F79EFBC}") = "BridgeColores", "BridgeColores\BridgeColores.csproj", "{63FEDE80-F1F8-430F-9DAE-DC6E56B31A43}"
EndProject
Global
	GlobalSection(SolutionConfigurationPlatforms) = preSolution
		Debug|Any CPU = Debug|Any CPU
		Release|Any CPU = Release|Any CPU
	EndGlobalSection
	GlobalSection(ProjectConfigurationPlatforms) = postSolution
		{63FEDE80-F1F8-430F-9DAE-DC6E56B31A43}.Debug|Any CPU.ActiveCfg = Debug|Any CPU
		{63FEDE80-F1F8-430F-9DAE-DC6E56B31A43}.Debug|Any CPU.Build.0 = Debug|Any CPU
		{63FEDE80-F1F8-430F-9DAE-DC6E56B31A43}.Release|Any CPU.ActiveCfg = Release|Any CPU
		{63FEDE80-F1F8-430F-9DAE-DC6E56B31A43}.Release|Any CPU.Build.0 = Release|Any CPU
	EndGlobalSection
	GlobalSection(SolutionProperties) = preSolution
		HideSolutionNode = FALSE
	EndGlobalSection
	GlobalSection(ExtensibilityGlobals) = postSolution
		SolutionGuid = {12C6F1F1-8764-426D-B1BB-2EF018592DE7}
	EndGlobalSection
EndGlobal
